// !$*UTF8*$!
{
	archiveVersion = 1;
	classes = {
	};
	objectVersion = 46;
	objects = {

/* Begin PBXBuildFile section */
		065CFF9B136B74B4DF3A47B9 /* Pods_SwiftDemo.framework in Frameworks */ = {isa = PBXBuildFile; fileRef = B881278153EEAB520F45C1C7 /* Pods_SwiftDemo.framework */; };
		50D7C05F1F0F6F49000A0F5B /* CoreLocation.framework in Frameworks */ = {isa = PBXBuildFile; fileRef = 50D7C05E1F0F6F49000A0F5B /* CoreLocation.framework */; };
		50E2C5FD1F2B1036004BAF32 /* 001a-badge-custom.png in Resources */ = {isa = PBXBuildFile; fileRef = 50E2C5EF1F2B1036004BAF32 /* 001a-badge-custom.png */; };
		50E2C5FE1F2B1036004BAF32 /* AppDelegate.swift in Sources */ = {isa = PBXBuildFile; fileRef = 50E2C5F01F2B1036004BAF32 /* AppDelegate.swift */; };
		50E2C5FF1F2B1036004BAF32 /* Assets.xcassets in Resources */ = {isa = PBXBuildFile; fileRef = 50E2C5F11F2B1036004BAF32 /* Assets.xcassets */; };
		50E2C6001F2B1036004BAF32 /* LaunchScreen.storyboard in Resources */ = {isa = PBXBuildFile; fileRef = 50E2C5F21F2B1036004BAF32 /* LaunchScreen.storyboard */; };
		50E2C6011F2B1036004BAF32 /* Main.storyboard in Resources */ = {isa = PBXBuildFile; fileRef = 50E2C5F41F2B1036004BAF32 /* Main.storyboard */; };
		50E2C6021F2B1036004BAF32 /* hi-512-3.jpeg in Resources */ = {isa = PBXBuildFile; fileRef = 50E2C5F61F2B1036004BAF32 /* hi-512-3.jpeg */; };
		50E2C6081F2B1036004BAF32 /* ViewController.swift in Sources */ = {isa = PBXBuildFile; fileRef = 50E2C5FC1F2B1036004BAF32 /* ViewController.swift */; };
/* End PBXBuildFile section */

/* Begin PBXFileReference section */
		048DB9881D65DCF300210138 /* Security.framework */ = {isa = PBXFileReference; lastKnownFileType = wrapper.framework; name = Security.framework; path = System/Library/Frameworks/Security.framework; sourceTree = SDKROOT; };
		4565630732996D6167F6D314 /* Pods-SwiftDemo.release.xcconfig */ = {isa = PBXFileReference; includeInIndex = 1; lastKnownFileType = text.xcconfig; name = "Pods-SwiftDemo.release.xcconfig"; path = "Pods/Target Support Files/Pods-SwiftDemo/Pods-SwiftDemo.release.xcconfig"; sourceTree = "<group>"; };
		50D7C05E1F0F6F49000A0F5B /* CoreLocation.framework */ = {isa = PBXFileReference; lastKnownFileType = wrapper.framework; name = CoreLocation.framework; path = System/Library/Frameworks/CoreLocation.framework; sourceTree = SDKROOT; };
		50E2C5EF1F2B1036004BAF32 /* 001a-badge-custom.png */ = {isa = PBXFileReference; lastKnownFileType = image.png; path = "001a-badge-custom.png"; sourceTree = "<group>"; };
		50E2C5F01F2B1036004BAF32 /* AppDelegate.swift */ = {isa = PBXFileReference; fileEncoding = 4; lastKnownFileType = sourcecode.swift; path = AppDelegate.swift; sourceTree = "<group>"; };
		50E2C5F11F2B1036004BAF32 /* Assets.xcassets */ = {isa = PBXFileReference; lastKnownFileType = folder.assetcatalog; path = Assets.xcassets; sourceTree = "<group>"; };
		50E2C5F31F2B1036004BAF32 /* Base */ = {isa = PBXFileReference; lastKnownFileType = file.storyboard; name = Base; path = Base.lproj/LaunchScreen.storyboard; sourceTree = "<group>"; };
		50E2C5F51F2B1036004BAF32 /* Base */ = {isa = PBXFileReference; lastKnownFileType = file.storyboard; name = Base; path = Base.lproj/Main.storyboard; sourceTree = "<group>"; };
		50E2C5F61F2B1036004BAF32 /* hi-512-3.jpeg */ = {isa = PBXFileReference; lastKnownFileType = image.jpeg; path = "hi-512-3.jpeg"; sourceTree = "<group>"; };
		50E2C5F71F2B1036004BAF32 /* Info.plist */ = {isa = PBXFileReference; fileEncoding = 4; lastKnownFileType = text.plist.xml; path = Info.plist; sourceTree = "<group>"; };
		50E2C5FC1F2B1036004BAF32 /* ViewController.swift */ = {isa = PBXFileReference; fileEncoding = 4; lastKnownFileType = sourcecode.swift; path = ViewController.swift; sourceTree = "<group>"; };
		50E2C60A1F2B115A004BAF32 /* JR-Swift-Demo.app */ = {isa = PBXFileReference; explicitFileType = wrapper.application; includeInIndex = 0; path = "JR-Swift-Demo.app"; sourceTree = BUILT_PRODUCTS_DIR; };
		7BB660630B045ED73C5BE04F /* Pods-SwiftDemo.debug.xcconfig */ = {isa = PBXFileReference; includeInIndex = 1; lastKnownFileType = text.xcconfig; name = "Pods-SwiftDemo.debug.xcconfig"; path = "Pods/Target Support Files/Pods-SwiftDemo/Pods-SwiftDemo.debug.xcconfig"; sourceTree = "<group>"; };
		B881278153EEAB520F45C1C7 /* Pods_SwiftDemo.framework */ = {isa = PBXFileReference; explicitFileType = wrapper.framework; includeInIndex = 0; path = Pods_SwiftDemo.framework; sourceTree = BUILT_PRODUCTS_DIR; };
/* End PBXFileReference section */

/* Begin PBXFrameworksBuildPhase section */
		047BF9A91D0994970058BBB8 /* Frameworks */ = {
			isa = PBXFrameworksBuildPhase;
			buildActionMask = 2147483647;
			files = (
				50D7C05F1F0F6F49000A0F5B /* CoreLocation.framework in Frameworks */,
				065CFF9B136B74B4DF3A47B9 /* Pods_SwiftDemo.framework in Frameworks */,
			);
			runOnlyForDeploymentPostprocessing = 0;
		};
/* End PBXFrameworksBuildPhase section */

/* Begin PBXGroup section */
		047BF9A31D0994970058BBB8 = {
			isa = PBXGroup;
			children = (
				50E2C5EE1F2B1036004BAF32 /* Demo */,
				692BB3032D9CC93DA7F3FA52 /* Frameworks */,
				50E2C60A1F2B115A004BAF32 /* JR-Swift-Demo.app */,
				457C8BC0B656A622B7B4A0FD /* Pods */,
			);
			sourceTree = "<group>";
		};
		457C8BC0B656A622B7B4A0FD /* Pods */ = {
			isa = PBXGroup;
			children = (
				7BB660630B045ED73C5BE04F /* Pods-SwiftDemo.debug.xcconfig */,
				4565630732996D6167F6D314 /* Pods-SwiftDemo.release.xcconfig */,
			);
			name = Pods;
			sourceTree = "<group>";
		};
		50E2C5EE1F2B1036004BAF32 /* Demo */ = {
			isa = PBXGroup;
			children = (
				50E2C5EF1F2B1036004BAF32 /* 001a-badge-custom.png */,
				50E2C5F01F2B1036004BAF32 /* AppDelegate.swift */,
				50E2C5F11F2B1036004BAF32 /* Assets.xcassets */,
				50E2C5F21F2B1036004BAF32 /* LaunchScreen.storyboard */,
				50E2C5F41F2B1036004BAF32 /* Main.storyboard */,
				50E2C5F61F2B1036004BAF32 /* hi-512-3.jpeg */,
				50E2C5F71F2B1036004BAF32 /* Info.plist */,
				50E2C5FC1F2B1036004BAF32 /* ViewController.swift */,
			);
			path = Demo;
			sourceTree = "<group>";
		};
		692BB3032D9CC93DA7F3FA52 /* Frameworks */ = {
			isa = PBXGroup;
			children = (
				50D7C05E1F0F6F49000A0F5B /* CoreLocation.framework */,
				048DB9881D65DCF300210138 /* Security.framework */,
				B881278153EEAB520F45C1C7 /* Pods_SwiftDemo.framework */,
			);
			name = Frameworks;
			sourceTree = "<group>";
		};
/* End PBXGroup section */

/* Begin PBXNativeTarget section */
		047BF9AB1D0994970058BBB8 /* SwiftDemo */ = {
			isa = PBXNativeTarget;
			buildConfigurationList = 047BF9BE1D0994970058BBB8 /* Build configuration list for PBXNativeTarget "SwiftDemo" */;
			buildPhases = (
				7F56D79F096FC4569529A575 /* [CP] Check Pods Manifest.lock */,
				047BF9A81D0994970058BBB8 /* Sources */,
				047BF9A91D0994970058BBB8 /* Frameworks */,
				047BF9AA1D0994970058BBB8 /* Resources */,
				6B329EE3F945BAC132227A98 /* [CP] Embed Pods Frameworks */,
				99E084957F1A466C4BFAB8B1 /* [CP] Copy Pods Resources */,
			);
			buildRules = (
			);
			dependencies = (
			);
			name = SwiftDemo;
			productName = Test;
			productReference = 50E2C60A1F2B115A004BAF32 /* JR-Swift-Demo.app */;
			productType = "com.apple.product-type.application";
		};
/* End PBXNativeTarget section */

/* Begin PBXProject section */
		047BF9A41D0994970058BBB8 /* Project object */ = {
			isa = PBXProject;
			attributes = {
				LastSwiftUpdateCheck = 0730;
				LastUpgradeCheck = 0900;
				ORGANIZATIONNAME = "Jackpot Rising Inc";
				TargetAttributes = {
					047BF9AB1D0994970058BBB8 = {
						CreatedOnToolsVersion = 7.3;
						DevelopmentTeam = 6KLQA7GG45;
						LastSwiftMigration = 0820;
					};
				};
			};
			buildConfigurationList = 047BF9A71D0994970058BBB8 /* Build configuration list for PBXProject "SwiftDemo" */;
			compatibilityVersion = "Xcode 3.2";
			developmentRegion = English;
			hasScannedForEncodings = 0;
			knownRegions = (
				en,
				Base,
			);
			mainGroup = 047BF9A31D0994970058BBB8;
			productRefGroup = 047BF9A31D0994970058BBB8;
			projectDirPath = "";
			projectRoot = "";
			targets = (
				047BF9AB1D0994970058BBB8 /* SwiftDemo */,
			);
		};
/* End PBXProject section */

/* Begin PBXResourcesBuildPhase section */
		047BF9AA1D0994970058BBB8 /* Resources */ = {
			isa = PBXResourcesBuildPhase;
			buildActionMask = 2147483647;
			files = (
				50E2C6021F2B1036004BAF32 /* hi-512-3.jpeg in Resources */,
				50E2C6001F2B1036004BAF32 /* LaunchScreen.storyboard in Resources */,
				50E2C5FF1F2B1036004BAF32 /* Assets.xcassets in Resources */,
				50E2C5FD1F2B1036004BAF32 /* 001a-badge-custom.png in Resources */,
				50E2C6011F2B1036004BAF32 /* Main.storyboard in Resources */,
			);
			runOnlyForDeploymentPostprocessing = 0;
		};
/* End PBXResourcesBuildPhase section */

/* Begin PBXShellScriptBuildPhase section */
		6B329EE3F945BAC132227A98 /* [CP] Embed Pods Frameworks */ = {
			isa = PBXShellScriptBuildPhase;
			buildActionMask = 2147483647;
			files = (
			);
			inputPaths = (
				"${SRCROOT}/Pods/Target Support Files/Pods-SwiftDemo/Pods-SwiftDemo-frameworks.sh",
				"${BUILT_PRODUCTS_DIR}/JackpotRising/JackpotRising.framework",
			);
			name = "[CP] Embed Pods Frameworks";
			outputPaths = (
				"${TARGET_BUILD_DIR}/${FRAMEWORKS_FOLDER_PATH}/JackpotRising.framework",
			);
			runOnlyForDeploymentPostprocessing = 0;
			shellPath = /bin/sh;
			shellScript = "\"${SRCROOT}/Pods/Target Support Files/Pods-SwiftDemo/Pods-SwiftDemo-frameworks.sh\"\n";
			showEnvVarsInLog = 0;
		};
		7F56D79F096FC4569529A575 /* [CP] Check Pods Manifest.lock */ = {
			isa = PBXShellScriptBuildPhase;
			buildActionMask = 2147483647;
			files = (
			);
			inputPaths = (
				"${PODS_PODFILE_DIR_PATH}/Podfile.lock",
				"${PODS_ROOT}/Manifest.lock",
			);
			name = "[CP] Check Pods Manifest.lock";
			outputPaths = (
				"$(DERIVED_FILE_DIR)/Pods-SwiftDemo-checkManifestLockResult.txt",
			);
			runOnlyForDeploymentPostprocessing = 0;
			shellPath = /bin/sh;
			shellScript = "diff \"${PODS_PODFILE_DIR_PATH}/Podfile.lock\" \"${PODS_ROOT}/Manifest.lock\" > /dev/null\nif [ $? != 0 ] ; then\n    # print error to STDERR\n    echo \"error: The sandbox is not in sync with the Podfile.lock. Run 'pod install' or update your CocoaPods installation.\" >&2\n    exit 1\nfi\n# This output is used by Xcode 'outputs' to avoid re-running this script phase.\necho \"SUCCESS\" > \"${SCRIPT_OUTPUT_FILE_0}\"\n";
			showEnvVarsInLog = 0;
		};
		99E084957F1A466C4BFAB8B1 /* [CP] Copy Pods Resources */ = {
			isa = PBXShellScriptBuildPhase;
			buildActionMask = 2147483647;
			files = (
			);
			inputPaths = (
			);
			name = "[CP] Copy Pods Resources";
			outputPaths = (
			);
			runOnlyForDeploymentPostprocessing = 0;
			shellPath = /bin/sh;
			shellScript = "\"${SRCROOT}/Pods/Target Support Files/Pods-SwiftDemo/Pods-SwiftDemo-resources.sh\"\n";
			showEnvVarsInLog = 0;
		};
/* End PBXShellScriptBuildPhase section */

/* Begin PBXSourcesBuildPhase section */
		047BF9A81D0994970058BBB8 /* Sources */ = {
			isa = PBXSourcesBuildPhase;
			buildActionMask = 2147483647;
			files = (
				50E2C6081F2B1036004BAF32 /* ViewController.swift in Sources */,
				50E2C5FE1F2B1036004BAF32 /* AppDelegate.swift in Sources */,
			);
			runOnlyForDeploymentPostprocessing = 0;
		};
/* End PBXSourcesBuildPhase section */

/* Begin PBXVariantGroup section */
		50E2C5F21F2B1036004BAF32 /* LaunchScreen.storyboard */ = {
			isa = PBXVariantGroup;
			children = (
				50E2C5F31F2B1036004BAF32 /* Base */,
			);
			name = LaunchScreen.storyboard;
			sourceTree = "<group>";
		};
		50E2C5F41F2B1036004BAF32 /* Main.storyboard */ = {
			isa = PBXVariantGroup;
			children = (
				50E2C5F51F2B1036004BAF32 /* Base */,
			);
			name = Main.storyboard;
			sourceTree = "<group>";
		};
/* End PBXVariantGroup section */

/* Begin XCBuildConfiguration section */
		047BF9BC1D0994970058BBB8 /* Debug */ = {
			isa = XCBuildConfiguration;
			buildSettings = {
				ALWAYS_SEARCH_USER_PATHS = NO;
				CLANG_ANALYZER_NONNULL = YES;
				CLANG_CXX_LANGUAGE_STANDARD = "gnu++0x";
				CLANG_CXX_LIBRARY = "libc++";
				CLANG_ENABLE_MODULES = YES;
				CLANG_ENABLE_OBJC_ARC = YES;
				CLANG_WARN_BLOCK_CAPTURE_AUTORELEASING = YES;
				CLANG_WARN_BOOL_CONVERSION = YES;
				CLANG_WARN_COMMA = YES;
				CLANG_WARN_CONSTANT_CONVERSION = YES;
				CLANG_WARN_DIRECT_OBJC_ISA_USAGE = YES_ERROR;
				CLANG_WARN_EMPTY_BODY = YES;
				CLANG_WARN_ENUM_CONVERSION = YES;
				CLANG_WARN_INFINITE_RECURSION = YES;
				CLANG_WARN_INT_CONVERSION = YES;
				CLANG_WARN_NON_LITERAL_NULL_CONVERSION = YES;
				CLANG_WARN_OBJC_LITERAL_CONVERSION = YES;
				CLANG_WARN_OBJC_ROOT_CLASS = YES_ERROR;
				CLANG_WARN_RANGE_LOOP_ANALYSIS = YES;
				CLANG_WARN_STRICT_PROTOTYPES = YES;
				CLANG_WARN_SUSPICIOUS_MOVE = YES;
				CLANG_WARN_UNREACHABLE_CODE = YES;
				CLANG_WARN__DUPLICATE_METHOD_MATCH = YES;
				"CODE_SIGN_IDENTITY[sdk=iphoneos*]" = "iPhone Developer";
				COPY_PHASE_STRIP = NO;
				DEBUG_INFORMATION_FORMAT = dwarf;
				ENABLE_STRICT_OBJC_MSGSEND = YES;
				ENABLE_TESTABILITY = YES;
				GCC_C_LANGUAGE_STANDARD = gnu99;
				GCC_DYNAMIC_NO_PIC = NO;
				GCC_NO_COMMON_BLOCKS = YES;
				GCC_OPTIMIZATION_LEVEL = 0;
				GCC_PREPROCESSOR_DEFINITIONS = (
					"DEBUG=1",
					"$(inherited)",
				);
				GCC_WARN_64_TO_32_BIT_CONVERSION = YES;
				GCC_WARN_ABOUT_RETURN_TYPE = YES_ERROR;
				GCC_WARN_UNDECLARED_SELECTOR = YES;
				GCC_WARN_UNINITIALIZED_AUTOS = YES_AGGRESSIVE;
				GCC_WARN_UNUSED_FUNCTION = YES;
				GCC_WARN_UNUSED_VARIABLE = YES;
				IPHONEOS_DEPLOYMENT_TARGET = 9.3;
				MTL_ENABLE_DEBUG_INFO = YES;
				ONLY_ACTIVE_ARCH = YES;
				SDKROOT = iphoneos;
				SWIFT_OPTIMIZATION_LEVEL = "-Onone";
				TARGETED_DEVICE_FAMILY = "1,2";
			};
			name = Debug;
		};
		047BF9BD1D0994970058BBB8 /* Release */ = {
			isa = XCBuildConfiguration;
			buildSettings = {
				ALWAYS_SEARCH_USER_PATHS = NO;
				CLANG_ANALYZER_NONNULL = YES;
				CLANG_CXX_LANGUAGE_STANDARD = "gnu++0x";
				CLANG_CXX_LIBRARY = "libc++";
				CLANG_ENABLE_MODULES = YES;
				CLANG_ENABLE_OBJC_ARC = YES;
				CLANG_WARN_BLOCK_CAPTURE_AUTORELEASING = YES;
				CLANG_WARN_BOOL_CONVERSION = YES;
				CLANG_WARN_COMMA = YES;
				CLANG_WARN_CONSTANT_CONVERSION = YES;
				CLANG_WARN_DIRECT_OBJC_ISA_USAGE = YES_ERROR;
				CLANG_WARN_EMPTY_BODY = YES;
				CLANG_WARN_ENUM_CONVERSION = YES;
				CLANG_WARN_INFINITE_RECURSION = YES;
				CLANG_WARN_INT_CONVERSION = YES;
				CLANG_WARN_NON_LITERAL_NULL_CONVERSION = YES;
				CLANG_WARN_OBJC_LITERAL_CONVERSION = YES;
				CLANG_WARN_OBJC_ROOT_CLASS = YES_ERROR;
				CLANG_WARN_RANGE_LOOP_ANALYSIS = YES;
				CLANG_WARN_STRICT_PROTOTYPES = YES;
				CLANG_WARN_SUSPICIOUS_MOVE = YES;
				CLANG_WARN_UNREACHABLE_CODE = YES;
				CLANG_WARN__DUPLICATE_METHOD_MATCH = YES;
				"CODE_SIGN_IDENTITY[sdk=iphoneos*]" = "iPhone Developer";
				COPY_PHASE_STRIP = NO;
				DEBUG_INFORMATION_FORMAT = "dwarf-with-dsym";
				ENABLE_NS_ASSERTIONS = NO;
				ENABLE_STRICT_OBJC_MSGSEND = YES;
				GCC_C_LANGUAGE_STANDARD = gnu99;
				GCC_NO_COMMON_BLOCKS = YES;
				GCC_WARN_64_TO_32_BIT_CONVERSION = YES;
				GCC_WARN_ABOUT_RETURN_TYPE = YES_ERROR;
				GCC_WARN_UNDECLARED_SELECTOR = YES;
				GCC_WARN_UNINITIALIZED_AUTOS = YES_AGGRESSIVE;
				GCC_WARN_UNUSED_FUNCTION = YES;
				GCC_WARN_UNUSED_VARIABLE = YES;
				IPHONEOS_DEPLOYMENT_TARGET = 9.3;
				MTL_ENABLE_DEBUG_INFO = NO;
				SDKROOT = iphoneos;
				SWIFT_OPTIMIZATION_LEVEL = "-Owholemodule";
				TARGETED_DEVICE_FAMILY = "1,2";
				VALIDATE_PRODUCT = YES;
			};
			name = Release;
		};
		047BF9BF1D0994970058BBB8 /* Debug */ = {
			isa = XCBuildConfiguration;
			baseConfigurationReference = 7BB660630B045ED73C5BE04F /* Pods-SwiftDemo.debug.xcconfig */;
			buildSettings = {
				ALWAYS_EMBED_SWIFT_STANDARD_LIBRARIES = "$(inherited)";
				ASSETCATALOG_COMPILER_APPICON_NAME = AppIcon;
				ASSETCATALOG_COMPILER_LAUNCHIMAGE_NAME = LaunchImage;
				CLANG_ENABLE_MODULES = "$(inherited)";
				CODE_SIGN_IDENTITY = "iPhone Developer: Prethush PJ (ERG7ZY8BHM)";
				"CODE_SIGN_IDENTITY[sdk=*]" = "iPhone Developer: Prethush PJ (ERG7ZY8BHM)";
				"CODE_SIGN_IDENTITY[sdk=iphoneos*]" = "iPhone Developer: Prethush PJ (ERG7ZY8BHM)";
				DEFINES_MODULE = "$(inherited)";
				DEVELOPMENT_TEAM = 6KLQA7GG45;
				ENABLE_BITCODE = NO;
				GCC_GENERATE_TEST_COVERAGE_FILES = NO;
				INFOPLIST_FILE = "$(SRCROOT)/Demo/Info.plist";
				IPHONEOS_DEPLOYMENT_TARGET = 9.0;
				LD_RUNPATH_SEARCH_PATHS = "$(inherited) @executable_path/Frameworks";
				OTHER_CFLAGS = (
					"$(inherited)",
					"-iquote",
					"\"$PODS_CONFIGURATION_BUILD_DIR/JackpotRising/JackpotRising.framework/Headers\"",
				);
				OTHER_LDFLAGS = "$(inherited)";
				OTHER_SWIFT_FLAGS = "$(inherited) \"-D\" \"COCOAPODS\"";
				PRODUCT_BUNDLE_IDENTIFIER = "com.experion.jr-swift-demo";
				PRODUCT_NAME = "JR-Swift-Demo";
				PROVISIONING_PROFILE = "3b27d65a-684b-433c-801c-978c146ac642";
				PROVISIONING_PROFILE_SPECIFIER = ExperionWildCardProfile;
				SWIFT_OBJC_BRIDGING_HEADER = "";
				SWIFT_OPTIMIZATION_LEVEL = "-Owholemodule";
				SWIFT_SWIFT3_OBJC_INFERENCE = Default;
				SWIFT_VERSION = 4.0;
				TARGETED_DEVICE_FAMILY = "1,2";
			};
			name = Debug;
		};
		047BF9C01D0994970058BBB8 /* Release */ = {
			isa = XCBuildConfiguration;
			baseConfigurationReference = 4565630732996D6167F6D314 /* Pods-SwiftDemo.release.xcconfig */;
			buildSettings = {
				ALWAYS_EMBED_SWIFT_STANDARD_LIBRARIES = "$(inherited)";
				ASSETCATALOG_COMPILER_APPICON_NAME = AppIcon;
				ASSETCATALOG_COMPILER_LAUNCHIMAGE_NAME = LaunchImage;
				CLANG_ENABLE_MODULES = "$(inherited)";
				CODE_SIGN_IDENTITY = "iPhone Developer: Prethush PJ (ERG7ZY8BHM)";
				"CODE_SIGN_IDENTITY[sdk=iphoneos*]" = "iPhone Developer: Prethush PJ (ERG7ZY8BHM)";
				DEFINES_MODULE = "$(inherited)";
				DEVELOPMENT_TEAM = 6KLQA7GG45;
				ENABLE_BITCODE = NO;
				GCC_GENERATE_TEST_COVERAGE_FILES = NO;
				INFOPLIST_FILE = "$(SRCROOT)/Demo/Info.plist";
				IPHONEOS_DEPLOYMENT_TARGET = 9.0;
				LD_RUNPATH_SEARCH_PATHS = "$(inherited) @executable_path/Frameworks";
				OTHER_LDFLAGS = "$(inherited)";
				OTHER_SWIFT_FLAGS = "$(inherited) \"-D\" \"COCOAPODS\"";
				PRODUCT_BUNDLE_IDENTIFIER = "com.experion.jr-swift-demo";
				PRODUCT_NAME = "JR-Swift-Demo";
				PROVISIONING_PROFILE = "3b27d65a-684b-433c-801c-978c146ac642";
				PROVISIONING_PROFILE_SPECIFIER = ExperionWildCardProfile;
				SWIFT_OBJC_BRIDGING_HEADER = "";
				SWIFT_OPTIMIZATION_LEVEL = "-Owholemodule";
				SWIFT_SWIFT3_OBJC_INFERENCE = Default;
				SWIFT_VERSION = 4.0;
				TARGETED_DEVICE_FAMILY = "1,2";
			};
			name = Release;
		};
/* End XCBuildConfiguration section */

/* Begin XCConfigurationList section */
		047BF9A71D0994970058BBB8 /* Build configuration list for PBXProject "SwiftDemo" */ = {
			isa = XCConfigurationList;
			buildConfigurations = (
				047BF9BC1D0994970058BBB8 /* Debug */,
				047BF9BD1D0994970058BBB8 /* Release */,
			);
			defaultConfigurationIsVisible = 0;
			defaultConfigurationName = Release;
		};
		047BF9BE1D0994970058BBB8 /* Build configuration list for PBXNativeTarget "SwiftDemo" */ = {
			isa = XCConfigurationList;
			buildConfigurations = (
				047BF9BF1D0994970058BBB8 /* Debug */,
				047BF9C01D0994970058BBB8 /* Release */,
			);
			defaultConfigurationIsVisible = 0;
			defaultConfigurationName = Release;
		};
/* End XCConfigurationList section */
	};
	rootObject = 047BF9A41D0994970058BBB8 /* Project object */;
}
